
Microsoft Visual Studio Solution File, Format Version 12.00
# Visual Studio Version 16
VisualStudioVersion = 16.0.31911.196
MinimumVisualStudioVersion = 10.0.40219.1
Project("{FAE04EC0-301F-11D3-BF4B-00C04F79EFBC}") = "azure_storage.core", "azure_storage.core\azure_storage.core.csproj", "{A93432AB-6F05-445D-BD36-BB98B1AFCD8B}"
EndProject
Project("{FAE04EC0-301F-11D3-BF4B-00C04F79EFBC}") = "azure_storage.clientapplication", "azure_storage.clientapplication\azure_storage.clientapplication.csproj", "{1DB4CEF2-FCFC-43C0-A501-994406BD4DEB}"
EndProject
Global
	GlobalSection(SolutionConfigurationPlatforms) = preSolution
		Debug|Any CPU = Debug|Any CPU
		Release|Any CPU = Release|Any CPU
	EndGlobalSection
	GlobalSection(ProjectConfigurationPlatforms) = postSolution
		{A93432AB-6F05-445D-BD36-BB98B1AFCD8B}.Debug|Any CPU.ActiveCfg = Debug|Any CPU
		{A93432AB-6F05-445D-BD36-BB98B1AFCD8B}.Debug|Any CPU.Build.0 = Debug|Any CPU
		{A93432AB-6F05-445D-BD36-BB98B1AFCD8B}.Release|Any CPU.ActiveCfg = Release|Any CPU
		{A93432AB-6F05-445D-BD36-BB98B1AFCD8B}.Release|Any CPU.Build.0 = Release|Any CPU
		{1DB4CEF2-FCFC-43C0-A501-994406BD4DEB}.Debug|Any CPU.ActiveCfg = Debug|Any CPU
		{1DB4CEF2-FCFC-43C0-A501-994406BD4DEB}.Debug|Any CPU.Build.0 = Debug|Any CPU
		{1DB4CEF2-FCFC-43C0-A501-994406BD4DEB}.Release|Any CPU.ActiveCfg = Release|Any CPU
		{1DB4CEF2-FCFC-43C0-A501-994406BD4DEB}.Release|Any CPU.Build.0 = Release|Any CPU
	EndGlobalSection
	GlobalSection(SolutionProperties) = preSolution
		HideSolutionNode = FALSE
	EndGlobalSection
	GlobalSection(ExtensibilityGlobals) = postSolution
		SolutionGuid = {C9B9A952-BA9B-429D-9AA4-85410968DD56}
	EndGlobalSection
EndGlobal
